
Microsoft Visual Studio Solution File, Format Version 12.00
# Visual Studio Version 17
VisualStudioVersion = 17.14.36301.6
MinimumVisualStudioVersion = 10.0.40219.1
Project("{FAE04EC0-301F-11D3-BF4B-00C04F79EFBC}") = "UsingMiddleware", "CSharp\UsingMiddleware\UsingMiddleware.csproj", "{F7B590CB-96A1-40D0-B299-FA504162E0FC}"
EndProject
Project("{FAE04EC0-301F-11D3-BF4B-00C04F79EFBC}") = "TestClient", "CSharp\TestClient\TestClient.csproj", "{5E17960E-3868-43C5-9675-D95A62C2FA70}"
EndProject
Project("{FAE04EC0-301F-11D3-BF4B-00C04F79EFBC}") = "Common", "CSharp\Common\Common.csproj", "{6F1CBAE7-4282-4A9F-B37E-91B5DA48CFBA}"
EndProject
Project("{2150E333-8FDC-42A3-9474-1A3956D46DE8}") = "CleanArc", "CleanArc", "{02EA681E-C7D8-13C7-8484-4AC65E1B71E8}"
EndProject
Project("{FAE04EC0-301F-11D3-BF4B-00C04F79EFBC}") = "TFX.Core", "CSharp\CleanArc\TFX.Core\TFX.Core.csproj", "{1CCCB01F-7CD4-B2FD-4371-922944E7F7E1}"
EndProject
Project("{FAE04EC0-301F-11D3-BF4B-00C04F79EFBC}") = "Launcher", "CSharp\CleanArc\Launcher\Launcher.csproj", "{81973C26-071C-11F9-A41D-93C4E267A4F8}"
EndProject
Project("{2150E333-8FDC-42A3-9474-1A3956D46DE8}") = "App", "App", "{741853ED-F17D-439F-A125-A801FD1B2378}"
EndProject
Project("{FAE04EC0-301F-11D3-BF4B-00C04F79EFBC}") = "TFX.App.INF", "CSharp\CleanArc\App\TFX.App.INF\TFX.App.INF.csproj", "{7A5FFDC0-2F0D-71BA-00D4-FB78FE248E24}"
EndProject
Project("{FAE04EC0-301F-11D3-BF4B-00C04F79EFBC}") = "TFX.App.MDL", "CSharp\CleanArc\App\TFX.App.MDL\TFX.App.MDL.csproj", "{79F3F029-B426-14BF-EE36-DCF0ED85B993}"
EndProject
Project("{FAE04EC0-301F-11D3-BF4B-00C04F79EFBC}") = "TFX.App.RLE", "CSharp\CleanArc\App\TFX.App.RLE\TFX.App.RLE.csproj", "{0248F875-F944-E8B9-EB5A-F0A772E4FB84}"
EndProject
Project("{FAE04EC0-301F-11D3-BF4B-00C04F79EFBC}") = "TFX.App.INF.Test", "CSharp\CleanArc\App\TFX.App.Test\TFX.App.INF.Test.csproj", "{F354A873-A81D-EB0C-FD69-2B62DA483297}"
EndProject
Project("{FAE04EC0-301F-11D3-BF4B-00C04F79EFBC}") = "TFX.Core.Test", "CSharp\CleanArc\TFX.Core.Test\TFX.Core.Test.csproj", "{06486595-E7BE-FFC6-BF61-BC602587A777}"
EndProject
Project("{FAE04EC0-301F-11D3-BF4B-00C04F79EFBC}") = "TFX.Core.Test.Setup", "CSharp\CleanArc\TFX.Core.Test.Setup\TFX.Core.Test.Setup.csproj", "{5CCCF8C8-A82D-0C1B-708C-1EA71C48C396}"
EndProject
Global
	GlobalSection(SolutionConfigurationPlatforms) = preSolution
		Debug|Any CPU = Debug|Any CPU
		Release|Any CPU = Release|Any CPU
	EndGlobalSection
	GlobalSection(ProjectConfigurationPlatforms) = postSolution
		{F7B590CB-96A1-40D0-B299-FA504162E0FC}.Debug|Any CPU.ActiveCfg = Debug|Any CPU
		{F7B590CB-96A1-40D0-B299-FA504162E0FC}.Debug|Any CPU.Build.0 = Debug|Any CPU
		{F7B590CB-96A1-40D0-B299-FA504162E0FC}.Release|Any CPU.ActiveCfg = Release|Any CPU
		{F7B590CB-96A1-40D0-B299-FA504162E0FC}.Release|Any CPU.Build.0 = Release|Any CPU
		{5E17960E-3868-43C5-9675-D95A62C2FA70}.Debug|Any CPU.ActiveCfg = Debug|Any CPU
		{5E17960E-3868-43C5-9675-D95A62C2FA70}.Debug|Any CPU.Build.0 = Debug|Any CPU
		{5E17960E-3868-43C5-9675-D95A62C2FA70}.Release|Any CPU.ActiveCfg = Release|Any CPU
		{5E17960E-3868-43C5-9675-D95A62C2FA70}.Release|Any CPU.Build.0 = Release|Any CPU
		{6F1CBAE7-4282-4A9F-B37E-91B5DA48CFBA}.Debug|Any CPU.ActiveCfg = Debug|Any CPU
		{6F1CBAE7-4282-4A9F-B37E-91B5DA48CFBA}.Debug|Any CPU.Build.0 = Debug|Any CPU
		{6F1CBAE7-4282-4A9F-B37E-91B5DA48CFBA}.Release|Any CPU.ActiveCfg = Release|Any CPU
		{6F1CBAE7-4282-4A9F-B37E-91B5DA48CFBA}.Release|Any CPU.Build.0 = Release|Any CPU
		{1CCCB01F-7CD4-B2FD-4371-922944E7F7E1}.Debug|Any CPU.ActiveCfg = Debug|Any CPU
		{1CCCB01F-7CD4-B2FD-4371-922944E7F7E1}.Debug|Any CPU.Build.0 = Debug|Any CPU
		{1CCCB01F-7CD4-B2FD-4371-922944E7F7E1}.Release|Any CPU.ActiveCfg = Release|Any CPU
		{1CCCB01F-7CD4-B2FD-4371-922944E7F7E1}.Release|Any CPU.Build.0 = Release|Any CPU
		{81973C26-071C-11F9-A41D-93C4E267A4F8}.Debug|Any CPU.ActiveCfg = Debug|Any CPU
		{81973C26-071C-11F9-A41D-93C4E267A4F8}.Debug|Any CPU.Build.0 = Debug|Any CPU
		{81973C26-071C-11F9-A41D-93C4E267A4F8}.Release|Any CPU.ActiveCfg = Release|Any CPU
		{81973C26-071C-11F9-A41D-93C4E267A4F8}.Release|Any CPU.Build.0 = Release|Any CPU
		{7A5FFDC0-2F0D-71BA-00D4-FB78FE248E24}.Debug|Any CPU.ActiveCfg = Debug|Any CPU
		{7A5FFDC0-2F0D-71BA-00D4-FB78FE248E24}.Debug|Any CPU.Build.0 = Debug|Any CPU
		{7A5FFDC0-2F0D-71BA-00D4-FB78FE248E24}.Release|Any CPU.ActiveCfg = Release|Any CPU
		{7A5FFDC0-2F0D-71BA-00D4-FB78FE248E24}.Release|Any CPU.Build.0 = Release|Any CPU
		{79F3F029-B426-14BF-EE36-DCF0ED85B993}.Debug|Any CPU.ActiveCfg = Debug|Any CPU
		{79F3F029-B426-14BF-EE36-DCF0ED85B993}.Debug|Any CPU.Build.0 = Debug|Any CPU
		{79F3F029-B426-14BF-EE36-DCF0ED85B993}.Release|Any CPU.ActiveCfg = Release|Any CPU
		{79F3F029-B426-14BF-EE36-DCF0ED85B993}.Release|Any CPU.Build.0 = Release|Any CPU
		{0248F875-F944-E8B9-EB5A-F0A772E4FB84}.Debug|Any CPU.ActiveCfg = Debug|Any CPU
		{0248F875-F944-E8B9-EB5A-F0A772E4FB84}.Debug|Any CPU.Build.0 = Debug|Any CPU
		{0248F875-F944-E8B9-EB5A-F0A772E4FB84}.Release|Any CPU.ActiveCfg = Release|Any CPU
		{0248F875-F944-E8B9-EB5A-F0A772E4FB84}.Release|Any CPU.Build.0 = Release|Any CPU
		{F354A873-A81D-EB0C-FD69-2B62DA483297}.Debug|Any CPU.ActiveCfg = Debug|Any CPU
		{F354A873-A81D-EB0C-FD69-2B62DA483297}.Debug|Any CPU.Build.0 = Debug|Any CPU
		{F354A873-A81D-EB0C-FD69-2B62DA483297}.Release|Any CPU.ActiveCfg = Release|Any CPU
		{F354A873-A81D-EB0C-FD69-2B62DA483297}.Release|Any CPU.Build.0 = Release|Any CPU
		{06486595-E7BE-FFC6-BF61-BC602587A777}.Debug|Any CPU.ActiveCfg = Debug|Any CPU
		{06486595-E7BE-FFC6-BF61-BC602587A777}.Debug|Any CPU.Build.0 = Debug|Any CPU
		{06486595-E7BE-FFC6-BF61-BC602587A777}.Release|Any CPU.ActiveCfg = Release|Any CPU
		{06486595-E7BE-FFC6-BF61-BC602587A777}.Release|Any CPU.Build.0 = Release|Any CPU
		{5CCCF8C8-A82D-0C1B-708C-1EA71C48C396}.Debug|Any CPU.ActiveCfg = Debug|Any CPU
		{5CCCF8C8-A82D-0C1B-708C-1EA71C48C396}.Debug|Any CPU.Build.0 = Debug|Any CPU
		{5CCCF8C8-A82D-0C1B-708C-1EA71C48C396}.Release|Any CPU.ActiveCfg = Release|Any CPU
		{5CCCF8C8-A82D-0C1B-708C-1EA71C48C396}.Release|Any CPU.Build.0 = Release|Any CPU
	EndGlobalSection
	GlobalSection(SolutionProperties) = preSolution
		HideSolutionNode = FALSE
	EndGlobalSection
	GlobalSection(NestedProjects) = preSolution
		{1CCCB01F-7CD4-B2FD-4371-922944E7F7E1} = {02EA681E-C7D8-13C7-8484-4AC65E1B71E8}
		{81973C26-071C-11F9-A41D-93C4E267A4F8} = {02EA681E-C7D8-13C7-8484-4AC65E1B71E8}
		{741853ED-F17D-439F-A125-A801FD1B2378} = {02EA681E-C7D8-13C7-8484-4AC65E1B71E8}
		{7A5FFDC0-2F0D-71BA-00D4-FB78FE248E24} = {741853ED-F17D-439F-A125-A801FD1B2378}
		{79F3F029-B426-14BF-EE36-DCF0ED85B993} = {741853ED-F17D-439F-A125-A801FD1B2378}
		{0248F875-F944-E8B9-EB5A-F0A772E4FB84} = {741853ED-F17D-439F-A125-A801FD1B2378}
		{F354A873-A81D-EB0C-FD69-2B62DA483297} = {741853ED-F17D-439F-A125-A801FD1B2378}
		{06486595-E7BE-FFC6-BF61-BC602587A777} = {02EA681E-C7D8-13C7-8484-4AC65E1B71E8}
		{5CCCF8C8-A82D-0C1B-708C-1EA71C48C396} = {02EA681E-C7D8-13C7-8484-4AC65E1B71E8}
	EndGlobalSection
	GlobalSection(ExtensibilityGlobals) = postSolution
		SolutionGuid = {EEDCEAB6-92CB-47BA-811F-66FB8F600A8B}
	EndGlobalSection
EndGlobal
